
Microsoft Visual Studio Solution File, Format Version 12.00
# Visual Studio Version 17
VisualStudioVersion = 17.10.35013.160
MinimumVisualStudioVersion = 10.0.40219.1
Project("{FAE04EC0-301F-11D3-BF4B-00C04F79EFBC}") = "Laboration_1", "Laboration_1\Laboration_1.csproj", "{799CF033-31E9-4DE5-8009-A11AB9F4D738}"
EndProject
Global
	GlobalSection(SolutionConfigurationPlatforms) = preSolution
		Debug|Any CPU = Debug|Any CPU
		Release|Any CPU = Release|Any CPU
	EndGlobalSection
	GlobalSection(ProjectConfigurationPlatforms) = postSolution
		{799CF033-31E9-4DE5-8009-A11AB9F4D738}.Debug|Any CPU.ActiveCfg = Debug|Any CPU
		{799CF033-31E9-4DE5-8009-A11AB9F4D738}.Debug|Any CPU.Build.0 = Debug|Any CPU
		{799CF033-31E9-4DE5-8009-A11AB9F4D738}.Release|Any CPU.ActiveCfg = Release|Any CPU
		{799CF033-31E9-4DE5-8009-A11AB9F4D738}.Release|Any CPU.Build.0 = Release|Any CPU
	EndGlobalSection
	GlobalSection(SolutionProperties) = preSolution
		HideSolutionNode = FALSE
	EndGlobalSection
	GlobalSection(ExtensibilityGlobals) = postSolution
		SolutionGuid = {D8D6F349-1650-4A5B-A681-8DFDFC33D2DC}
	EndGlobalSection
EndGlobal
